
Microsoft Visual Studio Solution File, Format Version 12.00
# Visual Studio Version 16
VisualStudioVersion = 16.0.29709.97
MinimumVisualStudioVersion = 10.0.40219.1
Project("{FAE04EC0-301F-11D3-BF4B-00C04F79EFBC}") = "Save the Humans", "Save the Humans\Save the Humans.csproj", "{A54E9E23-237B-4A16-AE08-A5878591F060}"
EndProject
Global
	GlobalSection(SolutionConfigurationPlatforms) = preSolution
		Debug|Any CPU = Debug|Any CPU
		Release|Any CPU = Release|Any CPU
	EndGlobalSection
	GlobalSection(ProjectConfigurationPlatforms) = postSolution
		{A54E9E23-237B-4A16-AE08-A5878591F060}.Debug|Any CPU.ActiveCfg = Debug|Any CPU
		{A54E9E23-237B-4A16-AE08-A5878591F060}.Debug|Any CPU.Build.0 = Debug|Any CPU
		{A54E9E23-237B-4A16-AE08-A5878591F060}.Release|Any CPU.ActiveCfg = Release|Any CPU
		{A54E9E23-237B-4A16-AE08-A5878591F060}.Release|Any CPU.Build.0 = Release|Any CPU
	EndGlobalSection
	GlobalSection(SolutionProperties) = preSolution
		HideSolutionNode = FALSE
	EndGlobalSection
	GlobalSection(ExtensibilityGlobals) = postSolution
		SolutionGuid = {BA5D2290-F3EB-462F-8D1D-7FDFD8734194}
	EndGlobalSection
EndGlobal
